
Microsoft Visual Studio Solution File, Format Version 12.00
# Visual Studio 15
VisualStudioVersion = 15.0.26430.6
MinimumVisualStudioVersion = 10.0.40219.1
Project("{FAE04EC0-301F-11D3-BF4B-00C04F79EFBC}") = "RequestProgress", "RequestProgress\RequestProgress.csproj", "{320F8404-349D-4AB2-8117-BF9B9093908D}"
EndProject
Project("{FAE04EC0-301F-11D3-BF4B-00C04F79EFBC}") = "RequestProgress.Web", "RequestProgress.Web\RequestProgress.Web.csproj", "{475DCB28-3382-4EAC-88A8-A6A74668FA44}"
EndProject
Global
	GlobalSection(SolutionConfigurationPlatforms) = preSolution
		Debug|Any CPU = Debug|Any CPU
		Release|Any CPU = Release|Any CPU
	EndGlobalSection
	GlobalSection(ProjectConfigurationPlatforms) = postSolution
		{320F8404-349D-4AB2-8117-BF9B9093908D}.Debug|Any CPU.ActiveCfg = Debug|Any CPU
		{320F8404-349D-4AB2-8117-BF9B9093908D}.Debug|Any CPU.Build.0 = Debug|Any CPU
		{320F8404-349D-4AB2-8117-BF9B9093908D}.Release|Any CPU.ActiveCfg = Release|Any CPU
		{320F8404-349D-4AB2-8117-BF9B9093908D}.Release|Any CPU.Build.0 = Release|Any CPU
		{475DCB28-3382-4EAC-88A8-A6A74668FA44}.Debug|Any CPU.ActiveCfg = Debug|Any CPU
		{475DCB28-3382-4EAC-88A8-A6A74668FA44}.Debug|Any CPU.Build.0 = Debug|Any CPU
		{475DCB28-3382-4EAC-88A8-A6A74668FA44}.Release|Any CPU.ActiveCfg = Release|Any CPU
		{475DCB28-3382-4EAC-88A8-A6A74668FA44}.Release|Any CPU.Build.0 = Release|Any CPU
	EndGlobalSection
	GlobalSection(SolutionProperties) = preSolution
		HideSolutionNode = FALSE
	EndGlobalSection
EndGlobal
